
Microsoft Visual Studio Solution File, Format Version 12.00
# Visual Studio Version 16
VisualStudioVersion = 16.0.29503.13
MinimumVisualStudioVersion = 10.0.40219.1
Project("{FAE04EC0-301F-11D3-BF4B-00C04F79EFBC}") = "InventrySystem", "InventrySystem\InventrySystem.csproj", "{B8069148-CF4F-442C-A4A9-5F78F98A8EE2}"
EndProject
Project("{54435603-DBB4-11D2-8724-00A0C9A8B90C}") = "IMS_SETUP", "IMS_SETUP\IMS_SETUP.vdproj", "{65C6D49D-9A23-43C6-8AF5-C7E4A165E6E4}"
EndProject
Global
	GlobalSection(SolutionConfigurationPlatforms) = preSolution
		Debug|Any CPU = Debug|Any CPU
		Release|Any CPU = Release|Any CPU
	EndGlobalSection
	GlobalSection(ProjectConfigurationPlatforms) = postSolution
		{B8069148-CF4F-442C-A4A9-5F78F98A8EE2}.Debug|Any CPU.ActiveCfg = Debug|Any CPU
		{B8069148-CF4F-442C-A4A9-5F78F98A8EE2}.Debug|Any CPU.Build.0 = Debug|Any CPU
		{B8069148-CF4F-442C-A4A9-5F78F98A8EE2}.Release|Any CPU.ActiveCfg = Release|Any CPU
		{B8069148-CF4F-442C-A4A9-5F78F98A8EE2}.Release|Any CPU.Build.0 = Release|Any CPU
		{65C6D49D-9A23-43C6-8AF5-C7E4A165E6E4}.Debug|Any CPU.ActiveCfg = Debug
		{65C6D49D-9A23-43C6-8AF5-C7E4A165E6E4}.Release|Any CPU.ActiveCfg = Release
	EndGlobalSection
	GlobalSection(SolutionProperties) = preSolution
		HideSolutionNode = FALSE
	EndGlobalSection
	GlobalSection(ExtensibilityGlobals) = postSolution
		SolutionGuid = {FBE670E9-9CCA-4762-8A0A-2CCE02AD6FCE}
	EndGlobalSection
EndGlobal
